// !$*UTF8*$!
{
	archiveVersion = 1;
	classes = {
	};
	objectVersion = 51;
	objects = {

/* Begin PBXBuildFile section */
		040D9ACF25AACF9B00F3EBF3 /* AppDelegate.swift in Sources */ = {isa = PBXBuildFile; fileRef = 040D9ACE25AACF9B00F3EBF3 /* AppDelegate.swift */; };
		040D9AD125AACF9B00F3EBF3 /* SceneDelegate.swift in Sources */ = {isa = PBXBuildFile; fileRef = 040D9AD025AACF9B00F3EBF3 /* SceneDelegate.swift */; };
		040D9AD325AACF9B00F3EBF3 /* ViewController.swift in Sources */ = {isa = PBXBuildFile; fileRef = 040D9AD225AACF9B00F3EBF3 /* ViewController.swift */; };
		040D9AD625AACF9B00F3EBF3 /* Main.storyboard in Resources */ = {isa = PBXBuildFile; fileRef = 040D9AD425AACF9B00F3EBF3 /* Main.storyboard */; };
		040D9AD825AACF9C00F3EBF3 /* Assets.xcassets in Resources */ = {isa = PBXBuildFile; fileRef = 040D9AD725AACF9C00F3EBF3 /* Assets.xcassets */; };
		040D9ADB25AACF9C00F3EBF3 /* LaunchScreen.storyboard in Resources */ = {isa = PBXBuildFile; fileRef = 040D9AD925AACF9C00F3EBF3 /* LaunchScreen.storyboard */; };
		040D9AE625AACF9C00F3EBF3 /* MyGraphsTests.swift in Sources */ = {isa = PBXBuildFile; fileRef = 040D9AE525AACF9C00F3EBF3 /* MyGraphsTests.swift */; };
		040D9AF125AACF9C00F3EBF3 /* MyGraphsUITests.swift in Sources */ = {isa = PBXBuildFile; fileRef = 040D9AF025AACF9C00F3EBF3 /* MyGraphsUITests.swift */; };
		0441ACE725AAD494004A3B72 /* SecondViewController.swift in Sources */ = {isa = PBXBuildFile; fileRef = 0441ACE625AAD494004A3B72 /* SecondViewController.swift */; };
		0441ACEC25AAD4C7004A3B72 /* ThirdViewController.swift in Sources */ = {isa = PBXBuildFile; fileRef = 0441ACEB25AAD4C7004A3B72 /* ThirdViewController.swift */; };
		5279427DEA2C3D222E36B0BB /* Pods_MyGraphsTests.framework in Frameworks */ = {isa = PBXBuildFile; fileRef = 206AE31D7D06AEAE4B663BAF /* Pods_MyGraphsTests.framework */; };
		916B38450982557380F4288E /* Pods_MyGraphs_MyGraphsUITests.framework in Frameworks */ = {isa = PBXBuildFile; fileRef = 20D5DCB96CFCECF9343C5F51 /* Pods_MyGraphs_MyGraphsUITests.framework */; };
		C0996870D667C985F615B9CA /* Pods_MyGraphs.framework in Frameworks */ = {isa = PBXBuildFile; fileRef = 2EBB94C2AC3B4B60563A8BF3 /* Pods_MyGraphs.framework */; };
/* End PBXBuildFile section */

/* Begin PBXContainerItemProxy section */
		040D9AE225AACF9C00F3EBF3 /* PBXContainerItemProxy */ = {
			isa = PBXContainerItemProxy;
			containerPortal = 040D9AC325AACF9B00F3EBF3 /* Project object */;
			proxyType = 1;
			remoteGlobalIDString = 040D9ACA25AACF9B00F3EBF3;
			remoteInfo = MyGraphs;
		};
		040D9AED25AACF9C00F3EBF3 /* PBXContainerItemProxy */ = {
			isa = PBXContainerItemProxy;
			containerPortal = 040D9AC325AACF9B00F3EBF3 /* Project object */;
			proxyType = 1;
			remoteGlobalIDString = 040D9ACA25AACF9B00F3EBF3;
			remoteInfo = MyGraphs;
		};
/* End PBXContainerItemProxy section */

/* Begin PBXFileReference section */
		040D9ACB25AACF9B00F3EBF3 /* MyGraphs.app */ = {isa = PBXFileReference; explicitFileType = wrapper.application; includeInIndex = 0; path = MyGraphs.app; sourceTree = BUILT_PRODUCTS_DIR; };
		040D9ACE25AACF9B00F3EBF3 /* AppDelegate.swift */ = {isa = PBXFileReference; lastKnownFileType = sourcecode.swift; path = AppDelegate.swift; sourceTree = "<group>"; };
		040D9AD025AACF9B00F3EBF3 /* SceneDelegate.swift */ = {isa = PBXFileReference; lastKnownFileType = sourcecode.swift; path = SceneDelegate.swift; sourceTree = "<group>"; };
		040D9AD225AACF9B00F3EBF3 /* ViewController.swift */ = {isa = PBXFileReference; lastKnownFileType = sourcecode.swift; path = ViewController.swift; sourceTree = "<group>"; };
		040D9AD525AACF9B00F3EBF3 /* Base */ = {isa = PBXFileReference; lastKnownFileType = file.storyboard; name = Base; path = Base.lproj/Main.storyboard; sourceTree = "<group>"; };
		040D9AD725AACF9C00F3EBF3 /* Assets.xcassets */ = {isa = PBXFileReference; lastKnownFileType = folder.assetcatalog; path = Assets.xcassets; sourceTree = "<group>"; };
		040D9ADA25AACF9C00F3EBF3 /* Base */ = {isa = PBXFileReference; lastKnownFileType = file.storyboard; name = Base; path = Base.lproj/LaunchScreen.storyboard; sourceTree = "<group>"; };
		040D9ADC25AACF9C00F3EBF3 /* Info.plist */ = {isa = PBXFileReference; lastKnownFileType = text.plist.xml; path = Info.plist; sourceTree = "<group>"; };
		040D9AE125AACF9C00F3EBF3 /* MyGraphsTests.xctest */ = {isa = PBXFileReference; explicitFileType = wrapper.cfbundle; includeInIndex = 0; path = MyGraphsTests.xctest; sourceTree = BUILT_PRODUCTS_DIR; };
		040D9AE525AACF9C00F3EBF3 /* MyGraphsTests.swift */ = {isa = PBXFileReference; lastKnownFileType = sourcecode.swift; path = MyGraphsTests.swift; sourceTree = "<group>"; };
		040D9AE725AACF9C00F3EBF3 /* Info.plist */ = {isa = PBXFileReference; lastKnownFileType = text.plist.xml; path = Info.plist; sourceTree = "<group>"; };
		040D9AEC25AACF9C00F3EBF3 /* MyGraphsUITests.xctest */ = {isa = PBXFileReference; explicitFileType = wrapper.cfbundle; includeInIndex = 0; path = MyGraphsUITests.xctest; sourceTree = BUILT_PRODUCTS_DIR; };
		040D9AF025AACF9C00F3EBF3 /* MyGraphsUITests.swift */ = {isa = PBXFileReference; lastKnownFileType = sourcecode.swift; path = MyGraphsUITests.swift; sourceTree = "<group>"; };
		040D9AF225AACF9C00F3EBF3 /* Info.plist */ = {isa = PBXFileReference; lastKnownFileType = text.plist.xml; path = Info.plist; sourceTree = "<group>"; };
		0441ACE625AAD494004A3B72 /* SecondViewController.swift */ = {isa = PBXFileReference; lastKnownFileType = sourcecode.swift; path = SecondViewController.swift; sourceTree = "<group>"; };
		0441ACEB25AAD4C7004A3B72 /* ThirdViewController.swift */ = {isa = PBXFileReference; lastKnownFileType = sourcecode.swift; path = ThirdViewController.swift; sourceTree = "<group>"; };
		206AE31D7D06AEAE4B663BAF /* Pods_MyGraphsTests.framework */ = {isa = PBXFileReference; explicitFileType = wrapper.framework; includeInIndex = 0; path = Pods_MyGraphsTests.framework; sourceTree = BUILT_PRODUCTS_DIR; };
		20D5DCB96CFCECF9343C5F51 /* Pods_MyGraphs_MyGraphsUITests.framework */ = {isa = PBXFileReference; explicitFileType = wrapper.framework; includeInIndex = 0; path = Pods_MyGraphs_MyGraphsUITests.framework; sourceTree = BUILT_PRODUCTS_DIR; };
		2EBB94C2AC3B4B60563A8BF3 /* Pods_MyGraphs.framework */ = {isa = PBXFileReference; explicitFileType = wrapper.framework; includeInIndex = 0; path = Pods_MyGraphs.framework; sourceTree = BUILT_PRODUCTS_DIR; };
		A7107336CBB84F61E928250A /* Pods-MyGraphsTests.release.xcconfig */ = {isa = PBXFileReference; includeInIndex = 1; lastKnownFileType = text.xcconfig; name = "Pods-MyGraphsTests.release.xcconfig"; path = "Target Support Files/Pods-MyGraphsTests/Pods-MyGraphsTests.release.xcconfig"; sourceTree = "<group>"; };
		B112E7F4C97C82D10B629FFA /* Pods-MyGraphs-MyGraphsUITests.debug.xcconfig */ = {isa = PBXFileReference; includeInIndex = 1; lastKnownFileType = text.xcconfig; name = "Pods-MyGraphs-MyGraphsUITests.debug.xcconfig"; path = "Target Support Files/Pods-MyGraphs-MyGraphsUITests/Pods-MyGraphs-MyGraphsUITests.debug.xcconfig"; sourceTree = "<group>"; };
		B22586E1B4A08F279A6C2FD4 /* Pods-MyGraphs.debug.xcconfig */ = {isa = PBXFileReference; includeInIndex = 1; lastKnownFileType = text.xcconfig; name = "Pods-MyGraphs.debug.xcconfig"; path = "Target Support Files/Pods-MyGraphs/Pods-MyGraphs.debug.xcconfig"; sourceTree = "<group>"; };
		B631F62AFB1FA1DF41E06476 /* Pods-MyGraphs-MyGraphsUITests.release.xcconfig */ = {isa = PBXFileReference; includeInIndex = 1; lastKnownFileType = text.xcconfig; name = "Pods-MyGraphs-MyGraphsUITests.release.xcconfig"; path = "Target Support Files/Pods-MyGraphs-MyGraphsUITests/Pods-MyGraphs-MyGraphsUITests.release.xcconfig"; sourceTree = "<group>"; };
		C7B37DA1482244627BE9844D /* Pods-MyGraphsTests.debug.xcconfig */ = {isa = PBXFileReference; includeInIndex = 1; lastKnownFileType = text.xcconfig; name = "Pods-MyGraphsTests.debug.xcconfig"; path = "Target Support Files/Pods-MyGraphsTests/Pods-MyGraphsTests.debug.xcconfig"; sourceTree = "<group>"; };
		CF159D210FFC2275F914C3C0 /* Pods-MyGraphs.release.xcconfig */ = {isa = PBXFileReference; includeInIndex = 1; lastKnownFileType = text.xcconfig; name = "Pods-MyGraphs.release.xcconfig"; path = "Target Support Files/Pods-MyGraphs/Pods-MyGraphs.release.xcconfig"; sourceTree = "<group>"; };
/* End PBXFileReference section */

/* Begin PBXFrameworksBuildPhase section */
		040D9AC825AACF9B00F3EBF3 /* Frameworks */ = {
			isa = PBXFrameworksBuildPhase;
			buildActionMask = 2147483647;
			files = (
				C0996870D667C985F615B9CA /* Pods_MyGraphs.framework in Frameworks */,
			);
			runOnlyForDeploymentPostprocessing = 0;
		};
		040D9ADE25AACF9C00F3EBF3 /* Frameworks */ = {
			isa = PBXFrameworksBuildPhase;
			buildActionMask = 2147483647;
			files = (
				5279427DEA2C3D222E36B0BB /* Pods_MyGraphsTests.framework in Frameworks */,
			);
			runOnlyForDeploymentPostprocessing = 0;
		};
		040D9AE925AACF9C00F3EBF3 /* Frameworks */ = {
			isa = PBXFrameworksBuildPhase;
			buildActionMask = 2147483647;
			files = (
				916B38450982557380F4288E /* Pods_MyGraphs_MyGraphsUITests.framework in Frameworks */,
			);
			runOnlyForDeploymentPostprocessing = 0;
		};
/* End PBXFrameworksBuildPhase section */

/* Begin PBXGroup section */
		040D9AC225AACF9B00F3EBF3 = {
			isa = PBXGroup;
			children = (
				040D9ACD25AACF9B00F3EBF3 /* MyGraphs */,
				040D9AE425AACF9C00F3EBF3 /* MyGraphsTests */,
				040D9AEF25AACF9C00F3EBF3 /* MyGraphsUITests */,
				040D9ACC25AACF9B00F3EBF3 /* Products */,
				3F755BD0BA3126A25A9809EF /* Pods */,
				DA2CC919033510A7C88B4FA8 /* Frameworks */,
			);
			sourceTree = "<group>";
		};
		040D9ACC25AACF9B00F3EBF3 /* Products */ = {
			isa = PBXGroup;
			children = (
				040D9ACB25AACF9B00F3EBF3 /* MyGraphs.app */,
				040D9AE125AACF9C00F3EBF3 /* MyGraphsTests.xctest */,
				040D9AEC25AACF9C00F3EBF3 /* MyGraphsUITests.xctest */,
			);
			name = Products;
			sourceTree = "<group>";
		};
		040D9ACD25AACF9B00F3EBF3 /* MyGraphs */ = {
			isa = PBXGroup;
			children = (
				040D9ACE25AACF9B00F3EBF3 /* AppDelegate.swift */,
				040D9AD025AACF9B00F3EBF3 /* SceneDelegate.swift */,
				040D9AD225AACF9B00F3EBF3 /* ViewController.swift */,
				040D9AD425AACF9B00F3EBF3 /* Main.storyboard */,
				040D9AD725AACF9C00F3EBF3 /* Assets.xcassets */,
				040D9AD925AACF9C00F3EBF3 /* LaunchScreen.storyboard */,
				040D9ADC25AACF9C00F3EBF3 /* Info.plist */,
				0441ACE625AAD494004A3B72 /* SecondViewController.swift */,
				0441ACEB25AAD4C7004A3B72 /* ThirdViewController.swift */,
			);
			path = MyGraphs;
			sourceTree = "<group>";
		};
		040D9AE425AACF9C00F3EBF3 /* MyGraphsTests */ = {
			isa = PBXGroup;
			children = (
				040D9AE525AACF9C00F3EBF3 /* MyGraphsTests.swift */,
				040D9AE725AACF9C00F3EBF3 /* Info.plist */,
			);
			path = MyGraphsTests;
			sourceTree = "<group>";
		};
		040D9AEF25AACF9C00F3EBF3 /* MyGraphsUITests */ = {
			isa = PBXGroup;
			children = (
				040D9AF025AACF9C00F3EBF3 /* MyGraphsUITests.swift */,
				040D9AF225AACF9C00F3EBF3 /* Info.plist */,
			);
			path = MyGraphsUITests;
			sourceTree = "<group>";
		};
		3F755BD0BA3126A25A9809EF /* Pods */ = {
			isa = PBXGroup;
			children = (
				B22586E1B4A08F279A6C2FD4 /* Pods-MyGraphs.debug.xcconfig */,
				CF159D210FFC2275F914C3C0 /* Pods-MyGraphs.release.xcconfig */,
				B112E7F4C97C82D10B629FFA /* Pods-MyGraphs-MyGraphsUITests.debug.xcconfig */,
				B631F62AFB1FA1DF41E06476 /* Pods-MyGraphs-MyGraphsUITests.release.xcconfig */,
				C7B37DA1482244627BE9844D /* Pods-MyGraphsTests.debug.xcconfig */,
				A7107336CBB84F61E928250A /* Pods-MyGraphsTests.release.xcconfig */,
			);
			path = Pods;
			sourceTree = "<group>";
		};
		DA2CC919033510A7C88B4FA8 /* Frameworks */ = {
			isa = PBXGroup;
			children = (
				2EBB94C2AC3B4B60563A8BF3 /* Pods_MyGraphs.framework */,
				20D5DCB96CFCECF9343C5F51 /* Pods_MyGraphs_MyGraphsUITests.framework */,
				206AE31D7D06AEAE4B663BAF /* Pods_MyGraphsTests.framework */,
			);
			name = Frameworks;
			sourceTree = "<group>";
		};
/* End PBXGroup section */

/* Begin PBXNativeTarget section */
		040D9ACA25AACF9B00F3EBF3 /* MyGraphs */ = {
			isa = PBXNativeTarget;
			buildConfigurationList = 040D9AF525AACF9C00F3EBF3 /* Build configuration list for PBXNativeTarget "MyGraphs" */;
			buildPhases = (
				3EDF55094BD4069318EF22C1 /* [CP] Check Pods Manifest.lock */,
				040D9AC725AACF9B00F3EBF3 /* Sources */,
				040D9AC825AACF9B00F3EBF3 /* Frameworks */,
				040D9AC925AACF9B00F3EBF3 /* Resources */,
				9F288A7BD5870C1FB99059F3 /* [CP] Embed Pods Frameworks */,
			);
			buildRules = (
			);
			dependencies = (
			);
			name = MyGraphs;
			productName = MyGraphs;
			productReference = 040D9ACB25AACF9B00F3EBF3 /* MyGraphs.app */;
			productType = "com.apple.product-type.application";
		};
		040D9AE025AACF9C00F3EBF3 /* MyGraphsTests */ = {
			isa = PBXNativeTarget;
			buildConfigurationList = 040D9AF825AACF9C00F3EBF3 /* Build configuration list for PBXNativeTarget "MyGraphsTests" */;
			buildPhases = (
				2F47278209492CD6E30EDFAD /* [CP] Check Pods Manifest.lock */,
				040D9ADD25AACF9C00F3EBF3 /* Sources */,
				040D9ADE25AACF9C00F3EBF3 /* Frameworks */,
				040D9ADF25AACF9C00F3EBF3 /* Resources */,
			);
			buildRules = (
			);
			dependencies = (
				040D9AE325AACF9C00F3EBF3 /* PBXTargetDependency */,
			);
			name = MyGraphsTests;
			productName = MyGraphsTests;
			productReference = 040D9AE125AACF9C00F3EBF3 /* MyGraphsTests.xctest */;
			productType = "com.apple.product-type.bundle.unit-test";
		};
		040D9AEB25AACF9C00F3EBF3 /* MyGraphsUITests */ = {
			isa = PBXNativeTarget;
			buildConfigurationList = 040D9AFB25AACF9C00F3EBF3 /* Build configuration list for PBXNativeTarget "MyGraphsUITests" */;
			buildPhases = (
				69001AC8CB218442D034D12E /* [CP] Check Pods Manifest.lock */,
				040D9AE825AACF9C00F3EBF3 /* Sources */,
				040D9AE925AACF9C00F3EBF3 /* Frameworks */,
				040D9AEA25AACF9C00F3EBF3 /* Resources */,
				AB3241F37E46C7C51D18D107 /* [CP] Embed Pods Frameworks */,
			);
			buildRules = (
			);
			dependencies = (
				040D9AEE25AACF9C00F3EBF3 /* PBXTargetDependency */,
			);
			name = MyGraphsUITests;
			productName = MyGraphsUITests;
			productReference = 040D9AEC25AACF9C00F3EBF3 /* MyGraphsUITests.xctest */;
			productType = "com.apple.product-type.bundle.ui-testing";
		};
/* End PBXNativeTarget section */

/* Begin PBXProject section */
		040D9AC325AACF9B00F3EBF3 /* Project object */ = {
			isa = PBXProject;
			attributes = {
				LastSwiftUpdateCheck = 1230;
				LastUpgradeCheck = 1230;
				TargetAttributes = {
					040D9ACA25AACF9B00F3EBF3 = {
						CreatedOnToolsVersion = 12.3;
					};
					040D9AE025AACF9C00F3EBF3 = {
						CreatedOnToolsVersion = 12.3;
						TestTargetID = 040D9ACA25AACF9B00F3EBF3;
					};
					040D9AEB25AACF9C00F3EBF3 = {
						CreatedOnToolsVersion = 12.3;
						TestTargetID = 040D9ACA25AACF9B00F3EBF3;
					};
				};
			};
			buildConfigurationList = 040D9AC625AACF9B00F3EBF3 /* Build configuration list for PBXProject "MyGraphs" */;
			compatibilityVersion = "Xcode 9.3";
			developmentRegion = en;
			hasScannedForEncodings = 0;
			knownRegions = (
				en,
				Base,
			);
			mainGroup = 040D9AC225AACF9B00F3EBF3;
			productRefGroup = 040D9ACC25AACF9B00F3EBF3 /* Products */;
			projectDirPath = "";
			projectRoot = "";
			targets = (
				040D9ACA25AACF9B00F3EBF3 /* MyGraphs */,
				040D9AE025AACF9C00F3EBF3 /* MyGraphsTests */,
				040D9AEB25AACF9C00F3EBF3 /* MyGraphsUITests */,
			);
		};
/* End PBXProject section */

/* Begin PBXResourcesBuildPhase section */
		040D9AC925AACF9B00F3EBF3 /* Resources */ = {
			isa = PBXResourcesBuildPhase;
			buildActionMask = 2147483647;
			files = (
				040D9ADB25AACF9C00F3EBF3 /* LaunchScreen.storyboard in Resources */,
				040D9AD825AACF9C00F3EBF3 /* Assets.xcassets in Resources */,
				040D9AD625AACF9B00F3EBF3 /* Main.storyboard in Resources */,
			);
			runOnlyForDeploymentPostprocessing = 0;
		};
		040D9ADF25AACF9C00F3EBF3 /* Resources */ = {
			isa = PBXResourcesBuildPhase;
			buildActionMask = 2147483647;
			files = (
			);
			runOnlyForDeploymentPostprocessing = 0;
		};
		040D9AEA25AACF9C00F3EBF3 /* Resources */ = {
			isa = PBXResourcesBuildPhase;
			buildActionMask = 2147483647;
			files = (
			);
			runOnlyForDeploymentPostprocessing = 0;
		};
/* End PBXResourcesBuildPhase section */

/* Begin PBXShellScriptBuildPhase section */
		2F47278209492CD6E30EDFAD /* [CP] Check Pods Manifest.lock */ = {
			isa = PBXShellScriptBuildPhase;
			buildActionMask = 2147483647;
			files = (
			);
			inputFileListPaths = (
			);
			inputPaths = (
				"${PODS_PODFILE_DIR_PATH}/Podfile.lock",
				"${PODS_ROOT}/Manifest.lock",
			);
			name = "[CP] Check Pods Manifest.lock";
			outputFileListPaths = (
			);
			outputPaths = (
				"$(DERIVED_FILE_DIR)/Pods-MyGraphsTests-checkManifestLockResult.txt",
			);
			runOnlyForDeploymentPostprocessing = 0;
			shellPath = /bin/sh;
			shellScript = "diff \"${PODS_PODFILE_DIR_PATH}/Podfile.lock\" \"${PODS_ROOT}/Manifest.lock\" > /dev/null\nif [ $? != 0 ] ; then\n    # print error to STDERR\n    echo \"error: The sandbox is not in sync with the Podfile.lock. Run 'pod install' or update your CocoaPods installation.\" >&2\n    exit 1\nfi\n# This output is used by Xcode 'outputs' to avoid re-running this script phase.\necho \"SUCCESS\" > \"${SCRIPT_OUTPUT_FILE_0}\"\n";
			showEnvVarsInLog = 0;
		};
		3EDF55094BD4069318EF22C1 /* [CP] Check Pods Manifest.lock */ = {
			isa = PBXShellScriptBuildPhase;
			buildActionMask = 2147483647;
			files = (
			);
			inputFileListPaths = (
			);
			inputPaths = (
				"${PODS_PODFILE_DIR_PATH}/Podfile.lock",
				"${PODS_ROOT}/Manifest.lock",
			);
			name = "[CP] Check Pods Manifest.lock";
			outputFileListPaths = (
			);
			outputPaths = (
				"$(DERIVED_FILE_DIR)/Pods-MyGraphs-checkManifestLockResult.txt",
			);
			runOnlyForDeploymentPostprocessing = 0;
			shellPath = /bin/sh;
			shellScript = "diff \"${PODS_PODFILE_DIR_PATH}/Podfile.lock\" \"${PODS_ROOT}/Manifest.lock\" > /dev/null\nif [ $? != 0 ] ; then\n    # print error to STDERR\n    echo \"error: The sandbox is not in sync with the Podfile.lock. Run 'pod install' or update your CocoaPods installation.\" >&2\n    exit 1\nfi\n# This output is used by Xcode 'outputs' to avoid re-running this script phase.\necho \"SUCCESS\" > \"${SCRIPT_OUTPUT_FILE_0}\"\n";
			showEnvVarsInLog = 0;
		};
		69001AC8CB218442D034D12E /* [CP] Check Pods Manifest.lock */ = {
			isa = PBXShellScriptBuildPhase;
			buildActionMask = 2147483647;
			files = (
			);
			inputFileListPaths = (
			);
			inputPaths = (
				"${PODS_PODFILE_DIR_PATH}/Podfile.lock",
				"${PODS_ROOT}/Manifest.lock",
			);
			name = "[CP] Check Pods Manifest.lock";
			outputFileListPaths = (
			);
			outputPaths = (
				"$(DERIVED_FILE_DIR)/Pods-MyGraphs-MyGraphsUITests-checkManifestLockResult.txt",
			);
			runOnlyForDeploymentPostprocessing = 0;
			shellPath = /bin/sh;
			shellScript = "diff \"${PODS_PODFILE_DIR_PATH}/Podfile.lock\" \"${PODS_ROOT}/Manifest.lock\" > /dev/null\nif [ $? != 0 ] ; then\n    # print error to STDERR\n    echo \"error: The sandbox is not in sync with the Podfile.lock. Run 'pod install' or update your CocoaPods installation.\" >&2\n    exit 1\nfi\n# This output is used by Xcode 'outputs' to avoid re-running this script phase.\necho \"SUCCESS\" > \"${SCRIPT_OUTPUT_FILE_0}\"\n";
			showEnvVarsInLog = 0;
		};
		9F288A7BD5870C1FB99059F3 /* [CP] Embed Pods Frameworks */ = {
			isa = PBXShellScriptBuildPhase;
			buildActionMask = 2147483647;
			files = (
			);
			inputFileListPaths = (
				"${PODS_ROOT}/Target Support Files/Pods-MyGraphs/Pods-MyGraphs-frameworks-${CONFIGURATION}-input-files.xcfilelist",
			);
			name = "[CP] Embed Pods Frameworks";
			outputFileListPaths = (
				"${PODS_ROOT}/Target Support Files/Pods-MyGraphs/Pods-MyGraphs-frameworks-${CONFIGURATION}-output-files.xcfilelist",
			);
			runOnlyForDeploymentPostprocessing = 0;
			shellPath = /bin/sh;
			shellScript = "\"${PODS_ROOT}/Target Support Files/Pods-MyGraphs/Pods-MyGraphs-frameworks.sh\"\n";
			showEnvVarsInLog = 0;
		};
		AB3241F37E46C7C51D18D107 /* [CP] Embed Pods Frameworks */ = {
			isa = PBXShellScriptBuildPhase;
			buildActionMask = 2147483647;
			files = (
			);
			inputFileListPaths = (
				"${PODS_ROOT}/Target Support Files/Pods-MyGraphs-MyGraphsUITests/Pods-MyGraphs-MyGraphsUITests-frameworks-${CONFIGURATION}-input-files.xcfilelist",
			);
			name = "[CP] Embed Pods Frameworks";
			outputFileListPaths = (
				"${PODS_ROOT}/Target Support Files/Pods-MyGraphs-MyGraphsUITests/Pods-MyGraphs-MyGraphsUITests-frameworks-${CONFIGURATION}-output-files.xcfilelist",
			);
			runOnlyForDeploymentPostprocessing = 0;
			shellPath = /bin/sh;
			shellScript = "\"${PODS_ROOT}/Target Support Files/Pods-MyGraphs-MyGraphsUITests/Pods-MyGraphs-MyGraphsUITests-frameworks.sh\"\n";
			showEnvVarsInLog = 0;
		};
/* End PBXShellScriptBuildPhase section */

/* Begin PBXSourcesBuildPhase section */
		040D9AC725AACF9B00F3EBF3 /* Sources */ = {
			isa = PBXSourcesBuildPhase;
			buildActionMask = 2147483647;
			files = (
				0441ACE725AAD494004A3B72 /* SecondViewController.swift in Sources */,
				040D9AD325AACF9B00F3EBF3 /* ViewController.swift in Sources */,
				0441ACEC25AAD4C7004A3B72 /* ThirdViewController.swift in Sources */,
				040D9ACF25AACF9B00F3EBF3 /* AppDelegate.swift in Sources */,
				040D9AD125AACF9B00F3EBF3 /* SceneDelegate.swift in Sources */,
			);
			runOnlyForDeploymentPostprocessing = 0;
		};
		040D9ADD25AACF9C00F3EBF3 /* Sources */ = {
			isa = PBXSourcesBuildPhase;
			buildActionMask = 2147483647;
			files = (
				040D9AE625AACF9C00F3EBF3 /* MyGraphsTests.swift in Sources */,
			);
			runOnlyForDeploymentPostprocessing = 0;
		};
		040D9AE825AACF9C00F3EBF3 /* Sources */ = {
			isa = PBXSourcesBuildPhase;
			buildActionMask = 2147483647;
			files = (
				040D9AF125AACF9C00F3EBF3 /* MyGraphsUITests.swift in Sources */,
			);
			runOnlyForDeploymentPostprocessing = 0;
		};
/* End PBXSourcesBuildPhase section */

/* Begin PBXTargetDependency section */
		040D9AE325AACF9C00F3EBF3 /* PBXTargetDependency */ = {
			isa = PBXTargetDependency;
			target = 040D9ACA25AACF9B00F3EBF3 /* MyGraphs */;
			targetProxy = 040D9AE225AACF9C00F3EBF3 /* PBXContainerItemProxy */;
		};
		040D9AEE25AACF9C00F3EBF3 /* PBXTargetDependency */ = {
			isa = PBXTargetDependency;
			target = 040D9ACA25AACF9B00F3EBF3 /* MyGraphs */;
			targetProxy = 040D9AED25AACF9C00F3EBF3 /* PBXContainerItemProxy */;
		};
/* End PBXTargetDependency section */

/* Begin PBXVariantGroup section */
		040D9AD425AACF9B00F3EBF3 /* Main.storyboard */ = {
			isa = PBXVariantGroup;
			children = (
				040D9AD525AACF9B00F3EBF3 /* Base */,
			);
			name = Main.storyboard;
			sourceTree = "<group>";
		};
		040D9AD925AACF9C00F3EBF3 /* LaunchScreen.storyboard */ = {
			isa = PBXVariantGroup;
			children = (
				040D9ADA25AACF9C00F3EBF3 /* Base */,
			);
			name = LaunchScreen.storyboard;
			sourceTree = "<group>";
		};
/* End PBXVariantGroup section */

/* Begin XCBuildConfiguration section */
		040D9AF325AACF9C00F3EBF3 /* Debug */ = {
			isa = XCBuildConfiguration;
			buildSettings = {
				ALWAYS_SEARCH_USER_PATHS = NO;
				CLANG_ANALYZER_NONNULL = YES;
				CLANG_ANALYZER_NUMBER_OBJECT_CONVERSION = YES_AGGRESSIVE;
				CLANG_CXX_LANGUAGE_STANDARD = "gnu++14";
				CLANG_CXX_LIBRARY = "libc++";
				CLANG_ENABLE_MODULES = YES;
				CLANG_ENABLE_OBJC_ARC = YES;
				CLANG_ENABLE_OBJC_WEAK = YES;
				CLANG_WARN_BLOCK_CAPTURE_AUTORELEASING = YES;
				CLANG_WARN_BOOL_CONVERSION = YES;
				CLANG_WARN_COMMA = YES;
				CLANG_WARN_CONSTANT_CONVERSION = YES;
				CLANG_WARN_DEPRECATED_OBJC_IMPLEMENTATIONS = YES;
				CLANG_WARN_DIRECT_OBJC_ISA_USAGE = YES_ERROR;
				CLANG_WARN_DOCUMENTATION_COMMENTS = YES;
				CLANG_WARN_EMPTY_BODY = YES;
				CLANG_WARN_ENUM_CONVERSION = YES;
				CLANG_WARN_INFINITE_RECURSION = YES;
				CLANG_WARN_INT_CONVERSION = YES;
				CLANG_WARN_NON_LITERAL_NULL_CONVERSION = YES;
				CLANG_WARN_OBJC_IMPLICIT_RETAIN_SELF = YES;
				CLANG_WARN_OBJC_LITERAL_CONVERSION = YES;
				CLANG_WARN_OBJC_ROOT_CLASS = YES_ERROR;
				CLANG_WARN_QUOTED_INCLUDE_IN_FRAMEWORK_HEADER = YES;
				CLANG_WARN_RANGE_LOOP_ANALYSIS = YES;
				CLANG_WARN_STRICT_PROTOTYPES = YES;
				CLANG_WARN_SUSPICIOUS_MOVE = YES;
				CLANG_WARN_UNGUARDED_AVAILABILITY = YES_AGGRESSIVE;
				CLANG_WARN_UNREACHABLE_CODE = YES;
				CLANG_WARN__DUPLICATE_METHOD_MATCH = YES;
				COPY_PHASE_STRIP = NO;
				DEBUG_INFORMATION_FORMAT = dwarf;
				ENABLE_STRICT_OBJC_MSGSEND = YES;
				ENABLE_TESTABILITY = YES;
				GCC_C_LANGUAGE_STANDARD = gnu11;
				GCC_DYNAMIC_NO_PIC = NO;
				GCC_NO_COMMON_BLOCKS = YES;
				GCC_OPTIMIZATION_LEVEL = 0;
				GCC_PREPROCESSOR_DEFINITIONS = (
					"DEBUG=1",
					"$(inherited)",
				);
				GCC_WARN_64_TO_32_BIT_CONVERSION = YES;
				GCC_WARN_ABOUT_RETURN_TYPE = YES_ERROR;
				GCC_WARN_UNDECLARED_SELECTOR = YES;
				GCC_WARN_UNINITIALIZED_AUTOS = YES_AGGRESSIVE;
				GCC_WARN_UNUSED_FUNCTION = YES;
				GCC_WARN_UNUSED_VARIABLE = YES;
				IPHONEOS_DEPLOYMENT_TARGET = 14.3;
				MTL_ENABLE_DEBUG_INFO = INCLUDE_SOURCE;
				MTL_FAST_MATH = YES;
				ONLY_ACTIVE_ARCH = YES;
				SDKROOT = iphoneos;
				SWIFT_ACTIVE_COMPILATION_CONDITIONS = DEBUG;
				SWIFT_OPTIMIZATION_LEVEL = "-Onone";
			};
			name = Debug;
		};
		040D9AF425AACF9C00F3EBF3 /* Release */ = {
			isa = XCBuildConfiguration;
			buildSettings = {
				ALWAYS_SEARCH_USER_PATHS = NO;
				CLANG_ANALYZER_NONNULL = YES;
				CLANG_ANALYZER_NUMBER_OBJECT_CONVERSION = YES_AGGRESSIVE;
				CLANG_CXX_LANGUAGE_STANDARD = "gnu++14";
				CLANG_CXX_LIBRARY = "libc++";
				CLANG_ENABLE_MODULES = YES;
				CLANG_ENABLE_OBJC_ARC = YES;
				CLANG_ENABLE_OBJC_WEAK = YES;
				CLANG_WARN_BLOCK_CAPTURE_AUTORELEASING = YES;
				CLANG_WARN_BOOL_CONVERSION = YES;
				CLANG_WARN_COMMA = YES;
				CLANG_WARN_CONSTANT_CONVERSION = YES;
				CLANG_WARN_DEPRECATED_OBJC_IMPLEMENTATIONS = YES;
				CLANG_WARN_DIRECT_OBJC_ISA_USAGE = YES_ERROR;
				CLANG_WARN_DOCUMENTATION_COMMENTS = YES;
				CLANG_WARN_EMPTY_BODY = YES;
				CLANG_WARN_ENUM_CONVERSION = YES;
				CLANG_WARN_INFINITE_RECURSION = YES;
				CLANG_WARN_INT_CONVERSION = YES;
				CLANG_WARN_NON_LITERAL_NULL_CONVERSION = YES;
				CLANG_WARN_OBJC_IMPLICIT_RETAIN_SELF = YES;
				CLANG_WARN_OBJC_LITERAL_CONVERSION = YES;
				CLANG_WARN_OBJC_ROOT_CLASS = YES_ERROR;
				CLANG_WARN_QUOTED_INCLUDE_IN_FRAMEWORK_HEADER = YES;
				CLANG_WARN_RANGE_LOOP_ANALYSIS = YES;
				CLANG_WARN_STRICT_PROTOTYPES = YES;
				CLANG_WARN_SUSPICIOUS_MOVE = YES;
				CLANG_WARN_UNGUARDED_AVAILABILITY = YES_AGGRESSIVE;
				CLANG_WARN_UNREACHABLE_CODE = YES;
				CLANG_WARN__DUPLICATE_METHOD_MATCH = YES;
				COPY_PHASE_STRIP = NO;
				DEBUG_INFORMATION_FORMAT = "dwarf-with-dsym";
				ENABLE_NS_ASSERTIONS = NO;
				ENABLE_STRICT_OBJC_MSGSEND = YES;
				GCC_C_LANGUAGE_STANDARD = gnu11;
				GCC_NO_COMMON_BLOCKS = YES;
				GCC_WARN_64_TO_32_BIT_CONVERSION = YES;
				GCC_WARN_ABOUT_RETURN_TYPE = YES_ERROR;
				GCC_WARN_UNDECLARED_SELECTOR = YES;
				GCC_WARN_UNINITIALIZED_AUTOS = YES_AGGRESSIVE;
				GCC_WARN_UNUSED_FUNCTION = YES;
				GCC_WARN_UNUSED_VARIABLE = YES;
				IPHONEOS_DEPLOYMENT_TARGET = 14.3;
				MTL_ENABLE_DEBUG_INFO = NO;
				MTL_FAST_MATH = YES;
				SDKROOT = iphoneos;
				SWIFT_COMPILATION_MODE = wholemodule;
				SWIFT_OPTIMIZATION_LEVEL = "-O";
				VALIDATE_PRODUCT = YES;
			};
			name = Release;
		};
		040D9AF625AACF9C00F3EBF3 /* Debug */ = {
			isa = XCBuildConfiguration;
			baseConfigurationReference = B22586E1B4A08F279A6C2FD4 /* Pods-MyGraphs.debug.xcconfig */;
			buildSettings = {
				ASSETCATALOG_COMPILER_APPICON_NAME = AppIcon;
				ASSETCATALOG_COMPILER_GLOBAL_ACCENT_COLOR_NAME = AccentColor;
				CODE_SIGN_STYLE = Automatic;
				INFOPLIST_FILE = MyGraphs/Info.plist;
				LD_RUNPATH_SEARCH_PATHS = (
					"$(inherited)",
					"@executable_path/Frameworks",
				);
				PRODUCT_BUNDLE_IDENTIFIER = "Jun-.MyGraphs";
				PRODUCT_NAME = "$(TARGET_NAME)";
				SWIFT_VERSION = 5.0;
				TARGETED_DEVICE_FAMILY = "1,2";
			};
			name = Debug;
		};
		040D9AF725AACF9C00F3EBF3 /* Release */ = {
			isa = XCBuildConfiguration;
			baseConfigurationReference = CF159D210FFC2275F914C3C0 /* Pods-MyGraphs.release.xcconfig */;
			buildSettings = {
				ASSETCATALOG_COMPILER_APPICON_NAME = AppIcon;
				ASSETCATALOG_COMPILER_GLOBAL_ACCENT_COLOR_NAME = AccentColor;
				CODE_SIGN_STYLE = Automatic;
				INFOPLIST_FILE = MyGraphs/Info.plist;
				LD_RUNPATH_SEARCH_PATHS = (
					"$(inherited)",
					"@executable_path/Frameworks",
				);
				PRODUCT_BUNDLE_IDENTIFIER = "Jun-.MyGraphs";
				PRODUCT_NAME = "$(TARGET_NAME)";
				SWIFT_VERSION = 5.0;
				TARGETED_DEVICE_FAMILY = "1,2";
			};
			name = Release;
		};
		040D9AF925AACF9C00F3EBF3 /* Debug */ = {
			isa = XCBuildConfiguration;
			baseConfigurationReference = C7B37DA1482244627BE9844D /* Pods-MyGraphsTests.debug.xcconfig */;
			buildSettings = {
				ALWAYS_EMBED_SWIFT_STANDARD_LIBRARIES = YES;
				BUNDLE_LOADER = "$(TEST_HOST)";
				CODE_SIGN_STYLE = Automatic;
				INFOPLIST_FILE = MyGraphsTests/Info.plist;
				IPHONEOS_DEPLOYMENT_TARGET = 14.3;
				LD_RUNPATH_SEARCH_PATHS = (
					"$(inherited)",
					"@executable_path/Frameworks",
					"@loader_path/Frameworks",
				);
				PRODUCT_BUNDLE_IDENTIFIER = "Jun-.MyGraphsTests";
				PRODUCT_NAME = "$(TARGET_NAME)";
				SWIFT_VERSION = 5.0;
				TARGETED_DEVICE_FAMILY = "1,2";
				TEST_HOST = "$(BUILT_PRODUCTS_DIR)/MyGraphs.app/MyGraphs";
			};
			name = Debug;
		};
		040D9AFA25AACF9C00F3EBF3 /* Release */ = {
			isa = XCBuildConfiguration;
			baseConfigurationReference = A7107336CBB84F61E928250A /* Pods-MyGraphsTests.release.xcconfig */;
			buildSettings = {
				ALWAYS_EMBED_SWIFT_STANDARD_LIBRARIES = YES;
				BUNDLE_LOADER = "$(TEST_HOST)";
				CODE_SIGN_STYLE = Automatic;
				INFOPLIST_FILE = MyGraphsTests/Info.plist;
				IPHONEOS_DEPLOYMENT_TARGET = 14.3;
				LD_RUNPATH_SEARCH_PATHS = (
					"$(inherited)",
					"@executable_path/Frameworks",
					"@loader_path/Frameworks",
				);
				PRODUCT_BUNDLE_IDENTIFIER = "Jun-.MyGraphsTests";
				PRODUCT_NAME = "$(TARGET_NAME)";
				SWIFT_VERSION = 5.0;
				TARGETED_DEVICE_FAMILY = "1,2";
				TEST_HOST = "$(BUILT_PRODUCTS_DIR)/MyGraphs.app/MyGraphs";
			};
			name = Release;
		};
		040D9AFC25AACF9C00F3EBF3 /* Debug */ = {
			isa = XCBuildConfiguration;
			baseConfigurationReference = B112E7F4C97C82D10B629FFA /* Pods-MyGraphs-MyGraphsUITests.debug.xcconfig */;
			buildSettings = {
				ALWAYS_EMBED_SWIFT_STANDARD_LIBRARIES = YES;
				CODE_SIGN_STYLE = Automatic;
				INFOPLIST_FILE = MyGraphsUITests/Info.plist;
				LD_RUNPATH_SEARCH_PATHS = (
					"$(inherited)",
					"@executable_path/Frameworks",
					"@loader_path/Frameworks",
				);
				PRODUCT_BUNDLE_IDENTIFIER = "Jun-.MyGraphsUITests";
				PRODUCT_NAME = "$(TARGET_NAME)";
				SWIFT_VERSION = 5.0;
				TARGETED_DEVICE_FAMILY = "1,2";
				TEST_TARGET_NAME = MyGraphs;
			};
			name = Debug;
		};
		040D9AFD25AACF9C00F3EBF3 /* Release */ = {
			isa = XCBuildConfiguration;
			baseConfigurationReference = B631F62AFB1FA1DF41E06476 /* Pods-MyGraphs-MyGraphsUITests.release.xcconfig */;
			buildSettings = {
				ALWAYS_EMBED_SWIFT_STANDARD_LIBRARIES = YES;
				CODE_SIGN_STYLE = Automatic;
				INFOPLIST_FILE = MyGraphsUITests/Info.plist;
				LD_RUNPATH_SEARCH_PATHS = (
					"$(inherited)",
					"@executable_path/Frameworks",
					"@loader_path/Frameworks",
				);
				PRODUCT_BUNDLE_IDENTIFIER = "Jun-.MyGraphsUITests";
				PRODUCT_NAME = "$(TARGET_NAME)";
				SWIFT_VERSION = 5.0;
				TARGETED_DEVICE_FAMILY = "1,2";
				TEST_TARGET_NAME = MyGraphs;
			};
			name = Release;
		};
/* End XCBuildConfiguration section */

/* Begin XCConfigurationList section */
		040D9AC625AACF9B00F3EBF3 /* Build configuration list for PBXProject "MyGraphs" */ = {
			isa = XCConfigurationList;
			buildConfigurations = (
				040D9AF325AACF9C00F3EBF3 /* Debug */,
				040D9AF425AACF9C00F3EBF3 /* Release */,
			);
			defaultConfigurationIsVisible = 0;
			defaultConfigurationName = Release;
		};
		040D9AF525AACF9C00F3EBF3 /* Build configuration list for PBXNativeTarget "MyGraphs" */ = {
			isa = XCConfigurationList;
			buildConfigurations = (
				040D9AF625AACF9C00F3EBF3 /* Debug */,
				040D9AF725AACF9C00F3EBF3 /* Release */,
			);
			defaultConfigurationIsVisible = 0;
			defaultConfigurationName = Release;
		};
		040D9AF825AACF9C00F3EBF3 /* Build configuration list for PBXNativeTarget "MyGraphsTests" */ = {
			isa = XCConfigurationList;
			buildConfigurations = (
				040D9AF925AACF9C00F3EBF3 /* Debug */,
				040D9AFA25AACF9C00F3EBF3 /* Release */,
			);
			defaultConfigurationIsVisible = 0;
			defaultConfigurationName = Release;
		};
		040D9AFB25AACF9C00F3EBF3 /* Build configuration list for PBXNativeTarget "MyGraphsUITests" */ = {
			isa = XCConfigurationList;
			buildConfigurations = (
				040D9AFC25AACF9C00F3EBF3 /* Debug */,
				040D9AFD25AACF9C00F3EBF3 /* Release */,
			);
			defaultConfigurationIsVisible = 0;
			defaultConfigurationName = Release;
		};
/* End XCConfigurationList section */
	};
	rootObject = 040D9AC325AACF9B00F3EBF3 /* Project object */;
}
